
Microsoft Visual Studio Solution File, Format Version 12.00
# Visual Studio Version 17
VisualStudioVersion = 17.12.35521.163 d17.12
MinimumVisualStudioVersion = 10.0.40219.1
Project("{FAE04EC0-301F-11D3-BF4B-00C04F79EFBC}") = "School", "School\School.csproj", "{79D8B7A6-DF6A-4809-887F-C198BB1F95EE}"
EndProject
Project("{FAE04EC0-301F-11D3-BF4B-00C04F79EFBC}") = "School.Android", "School.Android\School.Android.csproj", "{B8DD4371-2118-40CA-A780-78CCBBB88D01}"
EndProject
Project("{FAE04EC0-301F-11D3-BF4B-00C04F79EFBC}") = "School.iOS", "School.iOS\School.iOS.csproj", "{FA7B25FE-8568-450B-B21A-A21F53BECC31}"
EndProject
Global
	GlobalSection(SolutionConfigurationPlatforms) = preSolution
		Debug|Any CPU = Debug|Any CPU
		Release|Any CPU = Release|Any CPU
	EndGlobalSection
	GlobalSection(ProjectConfigurationPlatforms) = postSolution
		{79D8B7A6-DF6A-4809-887F-C198BB1F95EE}.Debug|Any CPU.ActiveCfg = Debug|Any CPU
		{79D8B7A6-DF6A-4809-887F-C198BB1F95EE}.Debug|Any CPU.Build.0 = Debug|Any CPU
		{79D8B7A6-DF6A-4809-887F-C198BB1F95EE}.Release|Any CPU.ActiveCfg = Release|Any CPU
		{79D8B7A6-DF6A-4809-887F-C198BB1F95EE}.Release|Any CPU.Build.0 = Release|Any CPU
		{B8DD4371-2118-40CA-A780-78CCBBB88D01}.Debug|Any CPU.ActiveCfg = Debug|Any CPU
		{B8DD4371-2118-40CA-A780-78CCBBB88D01}.Debug|Any CPU.Build.0 = Debug|Any CPU
		{B8DD4371-2118-40CA-A780-78CCBBB88D01}.Debug|Any CPU.Deploy.0 = Debug|Any CPU
		{B8DD4371-2118-40CA-A780-78CCBBB88D01}.Release|Any CPU.ActiveCfg = Release|Any CPU
		{B8DD4371-2118-40CA-A780-78CCBBB88D01}.Release|Any CPU.Build.0 = Release|Any CPU
		{B8DD4371-2118-40CA-A780-78CCBBB88D01}.Release|Any CPU.Deploy.0 = Release|Any CPU
		{FA7B25FE-8568-450B-B21A-A21F53BECC31}.Debug|Any CPU.ActiveCfg = Debug|iPhoneSimulator
		{FA7B25FE-8568-450B-B21A-A21F53BECC31}.Debug|Any CPU.Build.0 = Debug|iPhoneSimulator
		{FA7B25FE-8568-450B-B21A-A21F53BECC31}.Release|Any CPU.ActiveCfg = Release|iPhoneSimulator
		{FA7B25FE-8568-450B-B21A-A21F53BECC31}.Release|Any CPU.Build.0 = Release|iPhoneSimulator
	EndGlobalSection
	GlobalSection(SolutionProperties) = preSolution
		HideSolutionNode = FALSE
	EndGlobalSection
EndGlobal
